schema: '2.0'
stages:
  train:
    cmd: python acoustic_anomaly_detection/train.py
    deps:
    - path: acoustic_anomaly_detection/dataset.py
      md5: 47b7e5911307ab39923be148df66e7be
      size: 2569
    - path: acoustic_anomaly_detection/model.py
      md5: 35ddf2086fd595efd8411ffb1d84a613
      size: 5072
    - path: acoustic_anomaly_detection/train.py
      md5: c1568d90835e41b5fd04b1da44e891ad
      size: 2000
    - path: data/
      md5: 9f0c9c99e19b18399ef3644fbdea9688.dir
      size: 10123891428
      nfiles: 30987
    params:
      params.yaml:
        data:
          audio_dirs:
          - data/dev/fan
          - data/dev/pump
          - data/dev/slider
          - data/dev/valve
          - data/dev/ToyCar
          - data/dev/ToyConveyor
          train_split: 0.8
          fast_dev_run: false
        model:
          type: baseline_ae
          layers:
            hidden_size: 128
            latent_size: 64
        train:
          seed: 42
          epochs: 20
          batch_size: 32
          lr: 0.001
        transform:
          type: mel_spectrogram
          params:
            sr: 16000
            duration: 10
            n_fft: 1024
            hop_length: 512
            n_mels: 64
            n_mfcc: 40
    outs:
    - path: models/
      md5: d166c81b09f402abf3888393881b238c.dir
      size: 63255513
      nfiles: 1
  evaluate:
    cmd: python acoustic_anomaly_detection/evaluate.py
    deps:
    - path: acoustic_anomaly_detection/dataset.py
      md5: 47b7e5911307ab39923be148df66e7be
      size: 2569
    - path: acoustic_anomaly_detection/evaluate.py
      md5: 13bdc9454756c603eaed9dbab0ca0ecd
      size: 1059
    - path: acoustic_anomaly_detection/model.py
      md5: 35ddf2086fd595efd8411ffb1d84a613
      size: 5072
    - path: acoustic_anomaly_detection/train.py
      md5: c1568d90835e41b5fd04b1da44e891ad
      size: 2000
    - path: data/
      md5: 9f0c9c99e19b18399ef3644fbdea9688.dir
      size: 10123891428
      nfiles: 30987
    - path: models/
      md5: d166c81b09f402abf3888393881b238c.dir
      size: 63255513
      nfiles: 1
    params:
      params.yaml:
        model:
          type: baseline_ae
          layers:
            hidden_size: 128
            latent_size: 64
